// !$*UTF8*$!
{
	archiveVersion = 1;
	classes = {
	};
	objectVersion = 50;
	objects = {

/* Begin PBXBuildFile section */
		4DD8EFC226A74E9C00E0C4AF /* AppDelegate.swift in Sources */ = {isa = PBXBuildFile; fileRef = 4DD8EFC126A74E9C00E0C4AF /* AppDelegate.swift */; };
		4DD8EFC426A74E9C00E0C4AF /* SceneDelegate.swift in Sources */ = {isa = PBXBuildFile; fileRef = 4DD8EFC326A74E9C00E0C4AF /* SceneDelegate.swift */; };
		4DD8EFC626A74E9C00E0C4AF /* HomeScreenViewController.swift in Sources */ = {isa = PBXBuildFile; fileRef = 4DD8EFC526A74E9C00E0C4AF /* HomeScreenViewController.swift */; };
		4DD8EFC926A74E9C00E0C4AF /* HomeScreen.storyboard in Resources */ = {isa = PBXBuildFile; fileRef = 4DD8EFC726A74E9C00E0C4AF /* HomeScreen.storyboard */; };
		4DD8EFCC26A74E9C00E0C4AF /* Passkeyp.xcdatamodeld in Sources */ = {isa = PBXBuildFile; fileRef = 4DD8EFCA26A74E9C00E0C4AF /* Passkeyp.xcdatamodeld */; };
		4DD8EFCE26A74E9E00E0C4AF /* Assets.xcassets in Resources */ = {isa = PBXBuildFile; fileRef = 4DD8EFCD26A74E9E00E0C4AF /* Assets.xcassets */; };
		4DD8EFD126A74E9E00E0C4AF /* LaunchScreen.storyboard in Resources */ = {isa = PBXBuildFile; fileRef = 4DD8EFCF26A74E9E00E0C4AF /* LaunchScreen.storyboard */; };
		4DD8EFDA26A75A1700E0C4AF /* Settings.storyboard in Resources */ = {isa = PBXBuildFile; fileRef = 4DD8EFD926A75A1700E0C4AF /* Settings.storyboard */; };
		4DD8EFDC26A75F0200E0C4AF /* Security.storyboard in Resources */ = {isa = PBXBuildFile; fileRef = 4DD8EFDB26A75F0200E0C4AF /* Security.storyboard */; };
		4DD8EFDE26A765FE00E0C4AF /* GitRepository.storyboard in Resources */ = {isa = PBXBuildFile; fileRef = 4DD8EFDD26A765FE00E0C4AF /* GitRepository.storyboard */; };
		4DD8EFE026A7661000E0C4AF /* PGPKey.storyboard in Resources */ = {isa = PBXBuildFile; fileRef = 4DD8EFDF26A7661000E0C4AF /* PGPKey.storyboard */; };
		4DD8EFE326A7663B00E0C4AF /* GenerateRandomPassword.storyboard in Resources */ = {isa = PBXBuildFile; fileRef = 4DD8EFE226A7663B00E0C4AF /* GenerateRandomPassword.storyboard */; };
		4DD8EFE526A7664900E0C4AF /* AccentColor.storyboard in Resources */ = {isa = PBXBuildFile; fileRef = 4DD8EFE426A7664900E0C4AF /* AccentColor.storyboard */; };
		4DD8EFE726A7666300E0C4AF /* SignInPreferences.storyboard in Resources */ = {isa = PBXBuildFile; fileRef = 4DD8EFE626A7666300E0C4AF /* SignInPreferences.storyboard */; };
		4DD8EFE926A7666F00E0C4AF /* DataManagement.storyboard in Resources */ = {isa = PBXBuildFile; fileRef = 4DD8EFE826A7666F00E0C4AF /* DataManagement.storyboard */; };
		4DD8EFEB26A771E400E0C4AF /* SecurityViewController.swift in Sources */ = {isa = PBXBuildFile; fileRef = 4DD8EFEA26A771E400E0C4AF /* SecurityViewController.swift */; };
		4DD8EFED26A771FC00E0C4AF /* SettingsViewController.swift in Sources */ = {isa = PBXBuildFile; fileRef = 4DD8EFEC26A771FC00E0C4AF /* SettingsViewController.swift */; };
		4DD8EFEF26A7721100E0C4AF /* GitRepositoryViewController.swift in Sources */ = {isa = PBXBuildFile; fileRef = 4DD8EFEE26A7721100E0C4AF /* GitRepositoryViewController.swift */; };
		4DD8EFF126A7721B00E0C4AF /* PGPKeyViewController.swift in Sources */ = {isa = PBXBuildFile; fileRef = 4DD8EFF026A7721B00E0C4AF /* PGPKeyViewController.swift */; };
		4DD8EFF326A7722E00E0C4AF /* RandomPasswordViewController.swift in Sources */ = {isa = PBXBuildFile; fileRef = 4DD8EFF226A7722E00E0C4AF /* RandomPasswordViewController.swift */; };
		4DD8EFF526A7724000E0C4AF /* AccentColorPickerViewController.swift in Sources */ = {isa = PBXBuildFile; fileRef = 4DD8EFF426A7724000E0C4AF /* AccentColorPickerViewController.swift */; };
		4DD8EFF726A7724D00E0C4AF /* SignInPreferencesViewController.swift in Sources */ = {isa = PBXBuildFile; fileRef = 4DD8EFF626A7724D00E0C4AF /* SignInPreferencesViewController.swift */; };
		4DD8EFF926A7725700E0C4AF /* DataManagementViewController.swift in Sources */ = {isa = PBXBuildFile; fileRef = 4DD8EFF826A7725700E0C4AF /* DataManagementViewController.swift */; };
		4DD8EFFE26A7777100E0C4AF /* DisplayWebsiteViewController.swift in Sources */ = {isa = PBXBuildFile; fileRef = 4DD8EFFD26A7777100E0C4AF /* DisplayWebsiteViewController.swift */; };
		4DD8F00026A7778E00E0C4AF /* NewWebsiteViewController.swift in Sources */ = {isa = PBXBuildFile; fileRef = 4DD8EFFF26A7778E00E0C4AF /* NewWebsiteViewController.swift */; };
		4DD8F00226A7780C00E0C4AF /* EditWeakWebsiteViewController.swift in Sources */ = {isa = PBXBuildFile; fileRef = 4DD8F00126A7780C00E0C4AF /* EditWeakWebsiteViewController.swift */; };
/* End PBXBuildFile section */

/* Begin PBXFileReference section */
		4DD8EFBE26A74E9C00E0C4AF /* Passkeyp.app */ = {isa = PBXFileReference; explicitFileType = wrapper.application; includeInIndex = 0; path = Passkeyp.app; sourceTree = BUILT_PRODUCTS_DIR; };
		4DD8EFC126A74E9C00E0C4AF /* AppDelegate.swift */ = {isa = PBXFileReference; lastKnownFileType = sourcecode.swift; path = AppDelegate.swift; sourceTree = "<group>"; };
		4DD8EFC326A74E9C00E0C4AF /* SceneDelegate.swift */ = {isa = PBXFileReference; lastKnownFileType = sourcecode.swift; path = SceneDelegate.swift; sourceTree = "<group>"; };
		4DD8EFC526A74E9C00E0C4AF /* HomeScreenViewController.swift */ = {isa = PBXFileReference; lastKnownFileType = sourcecode.swift; path = HomeScreenViewController.swift; sourceTree = "<group>"; };
		4DD8EFC826A74E9C00E0C4AF /* Base */ = {isa = PBXFileReference; lastKnownFileType = file.storyboard; name = Base; path = Base.lproj/HomeScreen.storyboard; sourceTree = "<group>"; };
		4DD8EFCB26A74E9C00E0C4AF /* Passkeyp.xcdatamodel */ = {isa = PBXFileReference; lastKnownFileType = wrapper.xcdatamodel; path = Passkeyp.xcdatamodel; sourceTree = "<group>"; };
		4DD8EFCD26A74E9E00E0C4AF /* Assets.xcassets */ = {isa = PBXFileReference; lastKnownFileType = folder.assetcatalog; path = Assets.xcassets; sourceTree = "<group>"; };
		4DD8EFD026A74E9E00E0C4AF /* Base */ = {isa = PBXFileReference; lastKnownFileType = file.storyboard; name = Base; path = Base.lproj/LaunchScreen.storyboard; sourceTree = "<group>"; };
		4DD8EFD226A74E9E00E0C4AF /* Info.plist */ = {isa = PBXFileReference; lastKnownFileType = text.plist.xml; path = Info.plist; sourceTree = "<group>"; };
		4DD8EFD926A75A1700E0C4AF /* Settings.storyboard */ = {isa = PBXFileReference; lastKnownFileType = file.storyboard; path = Settings.storyboard; sourceTree = "<group>"; };
		4DD8EFDB26A75F0200E0C4AF /* Security.storyboard */ = {isa = PBXFileReference; lastKnownFileType = file.storyboard; path = Security.storyboard; sourceTree = "<group>"; };
		4DD8EFDD26A765FE00E0C4AF /* GitRepository.storyboard */ = {isa = PBXFileReference; lastKnownFileType = file.storyboard; path = GitRepository.storyboard; sourceTree = "<group>"; };
		4DD8EFDF26A7661000E0C4AF /* PGPKey.storyboard */ = {isa = PBXFileReference; lastKnownFileType = file.storyboard; path = PGPKey.storyboard; sourceTree = "<group>"; };
		4DD8EFE226A7663B00E0C4AF /* GenerateRandomPassword.storyboard */ = {isa = PBXFileReference; lastKnownFileType = file.storyboard; path = GenerateRandomPassword.storyboard; sourceTree = "<group>"; };
		4DD8EFE426A7664900E0C4AF /* AccentColor.storyboard */ = {isa = PBXFileReference; lastKnownFileType = file.storyboard; path = AccentColor.storyboard; sourceTree = "<group>"; };
		4DD8EFE626A7666300E0C4AF /* SignInPreferences.storyboard */ = {isa = PBXFileReference; lastKnownFileType = file.storyboard; path = SignInPreferences.storyboard; sourceTree = "<group>"; };
		4DD8EFE826A7666F00E0C4AF /* DataManagement.storyboard */ = {isa = PBXFileReference; lastKnownFileType = file.storyboard; path = DataManagement.storyboard; sourceTree = "<group>"; };
		4DD8EFEA26A771E400E0C4AF /* SecurityViewController.swift */ = {isa = PBXFileReference; lastKnownFileType = sourcecode.swift; path = SecurityViewController.swift; sourceTree = "<group>"; };
		4DD8EFEC26A771FC00E0C4AF /* SettingsViewController.swift */ = {isa = PBXFileReference; lastKnownFileType = sourcecode.swift; path = SettingsViewController.swift; sourceTree = "<group>"; };
		4DD8EFEE26A7721100E0C4AF /* GitRepositoryViewController.swift */ = {isa = PBXFileReference; lastKnownFileType = sourcecode.swift; path = GitRepositoryViewController.swift; sourceTree = "<group>"; };
		4DD8EFF026A7721B00E0C4AF /* PGPKeyViewController.swift */ = {isa = PBXFileReference; lastKnownFileType = sourcecode.swift; path = PGPKeyViewController.swift; sourceTree = "<group>"; };
		4DD8EFF226A7722E00E0C4AF /* RandomPasswordViewController.swift */ = {isa = PBXFileReference; lastKnownFileType = sourcecode.swift; path = RandomPasswordViewController.swift; sourceTree = "<group>"; };
		4DD8EFF426A7724000E0C4AF /* AccentColorPickerViewController.swift */ = {isa = PBXFileReference; lastKnownFileType = sourcecode.swift; path = AccentColorPickerViewController.swift; sourceTree = "<group>"; };
		4DD8EFF626A7724D00E0C4AF /* SignInPreferencesViewController.swift */ = {isa = PBXFileReference; lastKnownFileType = sourcecode.swift; path = SignInPreferencesViewController.swift; sourceTree = "<group>"; };
		4DD8EFF826A7725700E0C4AF /* DataManagementViewController.swift */ = {isa = PBXFileReference; lastKnownFileType = sourcecode.swift; path = DataManagementViewController.swift; sourceTree = "<group>"; };
		4DD8EFFD26A7777100E0C4AF /* DisplayWebsiteViewController.swift */ = {isa = PBXFileReference; lastKnownFileType = sourcecode.swift; path = DisplayWebsiteViewController.swift; sourceTree = "<group>"; };
		4DD8EFFF26A7778E00E0C4AF /* NewWebsiteViewController.swift */ = {isa = PBXFileReference; lastKnownFileType = sourcecode.swift; path = NewWebsiteViewController.swift; sourceTree = "<group>"; };
		4DD8F00126A7780C00E0C4AF /* EditWeakWebsiteViewController.swift */ = {isa = PBXFileReference; lastKnownFileType = sourcecode.swift; path = EditWeakWebsiteViewController.swift; sourceTree = "<group>"; };
/* End PBXFileReference section */

/* Begin PBXFrameworksBuildPhase section */
		4DD8EFBB26A74E9C00E0C4AF /* Frameworks */ = {
			isa = PBXFrameworksBuildPhase;
			buildActionMask = 2147483647;
			files = (
			);
			runOnlyForDeploymentPostprocessing = 0;
		};
/* End PBXFrameworksBuildPhase section */

/* Begin PBXGroup section */
		4DD8EFB526A74E9C00E0C4AF = {
			isa = PBXGroup;
			children = (
				4DD8EFC026A74E9C00E0C4AF /* Passkeyp */,
				4DD8EFBF26A74E9C00E0C4AF /* Products */,
			);
			sourceTree = "<group>";
		};
		4DD8EFBF26A74E9C00E0C4AF /* Products */ = {
			isa = PBXGroup;
			children = (
				4DD8EFBE26A74E9C00E0C4AF /* Passkeyp.app */,
			);
			name = Products;
			sourceTree = "<group>";
		};
		4DD8EFC026A74E9C00E0C4AF /* Passkeyp */ = {
			isa = PBXGroup;
			children = (
				4DD8EFD826A759FA00E0C4AF /* StoryBoards */,
				4DD8EFC126A74E9C00E0C4AF /* AppDelegate.swift */,
				4DD8EFC326A74E9C00E0C4AF /* SceneDelegate.swift */,
				4DD8F00326A778A200E0C4AF /* HomeScreen_IB_VCs */,
				4DD8F00426A7790100E0C4AF /* Security_IB_VCs */,
				4DD8EFEC26A771FC00E0C4AF /* SettingsViewController.swift */,
				4DD8EFEE26A7721100E0C4AF /* GitRepositoryViewController.swift */,
				4DD8EFF026A7721B00E0C4AF /* PGPKeyViewController.swift */,
				4DD8EFF226A7722E00E0C4AF /* RandomPasswordViewController.swift */,
				4DD8EFF426A7724000E0C4AF /* AccentColorPickerViewController.swift */,
				4DD8EFF626A7724D00E0C4AF /* SignInPreferencesViewController.swift */,
				4DD8EFF826A7725700E0C4AF /* DataManagementViewController.swift */,
				4DD8EFCD26A74E9E00E0C4AF /* Assets.xcassets */,
				4DD8EFD226A74E9E00E0C4AF /* Info.plist */,
				4DD8EFCA26A74E9C00E0C4AF /* Passkeyp.xcdatamodeld */,
			);
			path = Passkeyp;
			sourceTree = "<group>";
		};
		4DD8EFD826A759FA00E0C4AF /* StoryBoards */ = {
			isa = PBXGroup;
			children = (
				4DD8EFCF26A74E9E00E0C4AF /* LaunchScreen.storyboard */,
				4DD8EFC726A74E9C00E0C4AF /* HomeScreen.storyboard */,
				4DD8EFDB26A75F0200E0C4AF /* Security.storyboard */,
				4DD8EFD926A75A1700E0C4AF /* Settings.storyboard */,
				4DD8EFDD26A765FE00E0C4AF /* GitRepository.storyboard */,
				4DD8EFDF26A7661000E0C4AF /* PGPKey.storyboard */,
				4DD8EFE226A7663B00E0C4AF /* GenerateRandomPassword.storyboard */,
				4DD8EFE426A7664900E0C4AF /* AccentColor.storyboard */,
				4DD8EFE626A7666300E0C4AF /* SignInPreferences.storyboard */,
				4DD8EFE826A7666F00E0C4AF /* DataManagement.storyboard */,
			);
			path = StoryBoards;
			sourceTree = "<group>";
		};
		4DD8F00326A778A200E0C4AF /* HomeScreen_IB_VCs */ = {
			isa = PBXGroup;
			children = (
				4DD8EFC526A74E9C00E0C4AF /* HomeScreenViewController.swift */,
				4DD8EFFD26A7777100E0C4AF /* DisplayWebsiteViewController.swift */,
				4DD8EFFF26A7778E00E0C4AF /* NewWebsiteViewController.swift */,
			);
			path = HomeScreen_IB_VCs;
			sourceTree = "<group>";
		};
		4DD8F00426A7790100E0C4AF /* Security_IB_VCs */ = {
			isa = PBXGroup;
			children = (
				4DD8EFEA26A771E400E0C4AF /* SecurityViewController.swift */,
				4DD8F00126A7780C00E0C4AF /* EditWeakWebsiteViewController.swift */,
			);
			path = Security_IB_VCs;
			sourceTree = "<group>";
		};
/* End PBXGroup section */

/* Begin PBXNativeTarget section */
		4DD8EFBD26A74E9C00E0C4AF /* Passkeyp */ = {
			isa = PBXNativeTarget;
			buildConfigurationList = 4DD8EFD526A74E9E00E0C4AF /* Build configuration list for PBXNativeTarget "Passkeyp" */;
			buildPhases = (
				4DD8EFBA26A74E9C00E0C4AF /* Sources */,
				4DD8EFBB26A74E9C00E0C4AF /* Frameworks */,
				4DD8EFBC26A74E9C00E0C4AF /* Resources */,
			);
			buildRules = (
			);
			dependencies = (
			);
			name = Passkeyp;
			productName = Passkeyp;
			productReference = 4DD8EFBE26A74E9C00E0C4AF /* Passkeyp.app */;
			productType = "com.apple.product-type.application";
		};
/* End PBXNativeTarget section */

/* Begin PBXProject section */
		4DD8EFB626A74E9C00E0C4AF /* Project object */ = {
			isa = PBXProject;
			attributes = {
				LastSwiftUpdateCheck = 1250;
				LastUpgradeCheck = 1250;
				TargetAttributes = {
					4DD8EFBD26A74E9C00E0C4AF = {
						CreatedOnToolsVersion = 12.5.1;
					};
				};
			};
			buildConfigurationList = 4DD8EFB926A74E9C00E0C4AF /* Build configuration list for PBXProject "Passkeyp" */;
			compatibilityVersion = "Xcode 9.3";
			developmentRegion = en;
			hasScannedForEncodings = 0;
			knownRegions = (
				en,
				Base,
			);
			mainGroup = 4DD8EFB526A74E9C00E0C4AF;
			productRefGroup = 4DD8EFBF26A74E9C00E0C4AF /* Products */;
			projectDirPath = "";
			projectRoot = "";
			targets = (
				4DD8EFBD26A74E9C00E0C4AF /* Passkeyp */,
			);
		};
/* End PBXProject section */

/* Begin PBXResourcesBuildPhase section */
		4DD8EFBC26A74E9C00E0C4AF /* Resources */ = {
			isa = PBXResourcesBuildPhase;
			buildActionMask = 2147483647;
			files = (
				4DD8EFE526A7664900E0C4AF /* AccentColor.storyboard in Resources */,
				4DD8EFD126A74E9E00E0C4AF /* LaunchScreen.storyboard in Resources */,
				4DD8EFCE26A74E9E00E0C4AF /* Assets.xcassets in Resources */,
				4DD8EFDE26A765FE00E0C4AF /* GitRepository.storyboard in Resources */,
				4DD8EFC926A74E9C00E0C4AF /* HomeScreen.storyboard in Resources */,
				4DD8EFE026A7661000E0C4AF /* PGPKey.storyboard in Resources */,
				4DD8EFE326A7663B00E0C4AF /* GenerateRandomPassword.storyboard in Resources */,
				4DD8EFDA26A75A1700E0C4AF /* Settings.storyboard in Resources */,
				4DD8EFDC26A75F0200E0C4AF /* Security.storyboard in Resources */,
				4DD8EFE926A7666F00E0C4AF /* DataManagement.storyboard in Resources */,
				4DD8EFE726A7666300E0C4AF /* SignInPreferences.storyboard in Resources */,
			);
			runOnlyForDeploymentPostprocessing = 0;
		};
/* End PBXResourcesBuildPhase section */

/* Begin PBXSourcesBuildPhase section */
		4DD8EFBA26A74E9C00E0C4AF /* Sources */ = {
			isa = PBXSourcesBuildPhase;
			buildActionMask = 2147483647;
			files = (
				4DD8EFFE26A7777100E0C4AF /* DisplayWebsiteViewController.swift in Sources */,
				4DD8EFC626A74E9C00E0C4AF /* HomeScreenViewController.swift in Sources */,
				4DD8EFEF26A7721100E0C4AF /* GitRepositoryViewController.swift in Sources */,
				4DD8EFCC26A74E9C00E0C4AF /* Passkeyp.xcdatamodeld in Sources */,
				4DD8F00026A7778E00E0C4AF /* NewWebsiteViewController.swift in Sources */,
				4DD8EFF326A7722E00E0C4AF /* RandomPasswordViewController.swift in Sources */,
				4DD8EFC226A74E9C00E0C4AF /* AppDelegate.swift in Sources */,
				4DD8EFF726A7724D00E0C4AF /* SignInPreferencesViewController.swift in Sources */,
				4DD8EFF126A7721B00E0C4AF /* PGPKeyViewController.swift in Sources */,
				4DD8EFF926A7725700E0C4AF /* DataManagementViewController.swift in Sources */,
				4DD8EFF526A7724000E0C4AF /* AccentColorPickerViewController.swift in Sources */,
				4DD8F00226A7780C00E0C4AF /* EditWeakWebsiteViewController.swift in Sources */,
				4DD8EFEB26A771E400E0C4AF /* SecurityViewController.swift in Sources */,
				4DD8EFC426A74E9C00E0C4AF /* SceneDelegate.swift in Sources */,
				4DD8EFED26A771FC00E0C4AF /* SettingsViewController.swift in Sources */,
			);
			runOnlyForDeploymentPostprocessing = 0;
		};
/* End PBXSourcesBuildPhase section */

/* Begin PBXVariantGroup section */
		4DD8EFC726A74E9C00E0C4AF /* HomeScreen.storyboard */ = {
			isa = PBXVariantGroup;
			children = (
				4DD8EFC826A74E9C00E0C4AF /* Base */,
			);
			name = HomeScreen.storyboard;
			sourceTree = "<group>";
		};
		4DD8EFCF26A74E9E00E0C4AF /* LaunchScreen.storyboard */ = {
			isa = PBXVariantGroup;
			children = (
				4DD8EFD026A74E9E00E0C4AF /* Base */,
			);
			name = LaunchScreen.storyboard;
			sourceTree = "<group>";
		};
/* End PBXVariantGroup section */

/* Begin XCBuildConfiguration section */
		4DD8EFD326A74E9E00E0C4AF /* Debug */ = {
			isa = XCBuildConfiguration;
			buildSettings = {
				ALWAYS_SEARCH_USER_PATHS = NO;
				CLANG_ANALYZER_NONNULL = YES;
				CLANG_ANALYZER_NUMBER_OBJECT_CONVERSION = YES_AGGRESSIVE;
				CLANG_CXX_LANGUAGE_STANDARD = "gnu++14";
				CLANG_CXX_LIBRARY = "libc++";
				CLANG_ENABLE_MODULES = YES;
				CLANG_ENABLE_OBJC_ARC = YES;
				CLANG_ENABLE_OBJC_WEAK = YES;
				CLANG_WARN_BLOCK_CAPTURE_AUTORELEASING = YES;
				CLANG_WARN_BOOL_CONVERSION = YES;
				CLANG_WARN_COMMA = YES;
				CLANG_WARN_CONSTANT_CONVERSION = YES;
				CLANG_WARN_DEPRECATED_OBJC_IMPLEMENTATIONS = YES;
				CLANG_WARN_DIRECT_OBJC_ISA_USAGE = YES_ERROR;
				CLANG_WARN_DOCUMENTATION_COMMENTS = YES;
				CLANG_WARN_EMPTY_BODY = YES;
				CLANG_WARN_ENUM_CONVERSION = YES;
				CLANG_WARN_INFINITE_RECURSION = YES;
				CLANG_WARN_INT_CONVERSION = YES;
				CLANG_WARN_NON_LITERAL_NULL_CONVERSION = YES;
				CLANG_WARN_OBJC_IMPLICIT_RETAIN_SELF = YES;
				CLANG_WARN_OBJC_LITERAL_CONVERSION = YES;
				CLANG_WARN_OBJC_ROOT_CLASS = YES_ERROR;
				CLANG_WARN_QUOTED_INCLUDE_IN_FRAMEWORK_HEADER = YES;
				CLANG_WARN_RANGE_LOOP_ANALYSIS = YES;
				CLANG_WARN_STRICT_PROTOTYPES = YES;
				CLANG_WARN_SUSPICIOUS_MOVE = YES;
				CLANG_WARN_UNGUARDED_AVAILABILITY = YES_AGGRESSIVE;
				CLANG_WARN_UNREACHABLE_CODE = YES;
				CLANG_WARN__DUPLICATE_METHOD_MATCH = YES;
				COPY_PHASE_STRIP = NO;
				DEBUG_INFORMATION_FORMAT = dwarf;
				ENABLE_STRICT_OBJC_MSGSEND = YES;
				ENABLE_TESTABILITY = YES;
				GCC_C_LANGUAGE_STANDARD = gnu11;
				GCC_DYNAMIC_NO_PIC = NO;
				GCC_NO_COMMON_BLOCKS = YES;
				GCC_OPTIMIZATION_LEVEL = 0;
				GCC_PREPROCESSOR_DEFINITIONS = (
					"DEBUG=1",
					"$(inherited)",
				);
				GCC_WARN_64_TO_32_BIT_CONVERSION = YES;
				GCC_WARN_ABOUT_RETURN_TYPE = YES_ERROR;
				GCC_WARN_UNDECLARED_SELECTOR = YES;
				GCC_WARN_UNINITIALIZED_AUTOS = YES_AGGRESSIVE;
				GCC_WARN_UNUSED_FUNCTION = YES;
				GCC_WARN_UNUSED_VARIABLE = YES;
				IPHONEOS_DEPLOYMENT_TARGET = 14.5;
				MTL_ENABLE_DEBUG_INFO = INCLUDE_SOURCE;
				MTL_FAST_MATH = YES;
				ONLY_ACTIVE_ARCH = YES;
				SDKROOT = iphoneos;
				SWIFT_ACTIVE_COMPILATION_CONDITIONS = DEBUG;
				SWIFT_OPTIMIZATION_LEVEL = "-Onone";
			};
			name = Debug;
		};
		4DD8EFD426A74E9E00E0C4AF /* Release */ = {
			isa = XCBuildConfiguration;
			buildSettings = {
				ALWAYS_SEARCH_USER_PATHS = NO;
				CLANG_ANALYZER_NONNULL = YES;
				CLANG_ANALYZER_NUMBER_OBJECT_CONVERSION = YES_AGGRESSIVE;
				CLANG_CXX_LANGUAGE_STANDARD = "gnu++14";
				CLANG_CXX_LIBRARY = "libc++";
				CLANG_ENABLE_MODULES = YES;
				CLANG_ENABLE_OBJC_ARC = YES;
				CLANG_ENABLE_OBJC_WEAK = YES;
				CLANG_WARN_BLOCK_CAPTURE_AUTORELEASING = YES;
				CLANG_WARN_BOOL_CONVERSION = YES;
				CLANG_WARN_COMMA = YES;
				CLANG_WARN_CONSTANT_CONVERSION = YES;
				CLANG_WARN_DEPRECATED_OBJC_IMPLEMENTATIONS = YES;
				CLANG_WARN_DIRECT_OBJC_ISA_USAGE = YES_ERROR;
				CLANG_WARN_DOCUMENTATION_COMMENTS = YES;
				CLANG_WARN_EMPTY_BODY = YES;
				CLANG_WARN_ENUM_CONVERSION = YES;
				CLANG_WARN_INFINITE_RECURSION = YES;
				CLANG_WARN_INT_CONVERSION = YES;
				CLANG_WARN_NON_LITERAL_NULL_CONVERSION = YES;
				CLANG_WARN_OBJC_IMPLICIT_RETAIN_SELF = YES;
				CLANG_WARN_OBJC_LITERAL_CONVERSION = YES;
				CLANG_WARN_OBJC_ROOT_CLASS = YES_ERROR;
				CLANG_WARN_QUOTED_INCLUDE_IN_FRAMEWORK_HEADER = YES;
				CLANG_WARN_RANGE_LOOP_ANALYSIS = YES;
				CLANG_WARN_STRICT_PROTOTYPES = YES;
				CLANG_WARN_SUSPICIOUS_MOVE = YES;
				CLANG_WARN_UNGUARDED_AVAILABILITY = YES_AGGRESSIVE;
				CLANG_WARN_UNREACHABLE_CODE = YES;
				CLANG_WARN__DUPLICATE_METHOD_MATCH = YES;
				COPY_PHASE_STRIP = NO;
				DEBUG_INFORMATION_FORMAT = "dwarf-with-dsym";
				ENABLE_NS_ASSERTIONS = NO;
				ENABLE_STRICT_OBJC_MSGSEND = YES;
				GCC_C_LANGUAGE_STANDARD = gnu11;
				GCC_NO_COMMON_BLOCKS = YES;
				GCC_WARN_64_TO_32_BIT_CONVERSION = YES;
				GCC_WARN_ABOUT_RETURN_TYPE = YES_ERROR;
				GCC_WARN_UNDECLARED_SELECTOR = YES;
				GCC_WARN_UNINITIALIZED_AUTOS = YES_AGGRESSIVE;
				GCC_WARN_UNUSED_FUNCTION = YES;
				GCC_WARN_UNUSED_VARIABLE = YES;
				IPHONEOS_DEPLOYMENT_TARGET = 14.5;
				MTL_ENABLE_DEBUG_INFO = NO;
				MTL_FAST_MATH = YES;
				SDKROOT = iphoneos;
				SWIFT_COMPILATION_MODE = wholemodule;
				SWIFT_OPTIMIZATION_LEVEL = "-O";
				VALIDATE_PRODUCT = YES;
			};
			name = Release;
		};
		4DD8EFD626A74E9E00E0C4AF /* Debug */ = {
			isa = XCBuildConfiguration;
			buildSettings = {
				ASSETCATALOG_COMPILER_APPICON_NAME = AppIcon;
				ASSETCATALOG_COMPILER_GLOBAL_ACCENT_COLOR_NAME = AccentColor;
				CODE_SIGN_STYLE = Automatic;
				DEVELOPMENT_TEAM = TMNQB85S4M;
				INFOPLIST_FILE = Passkeyp/Info.plist;
				LD_RUNPATH_SEARCH_PATHS = (
					"$(inherited)",
					"@executable_path/Frameworks",
				);
				PRODUCT_BUNDLE_IDENTIFIER = Y2k.Passkeyp;
				PRODUCT_NAME = "$(TARGET_NAME)";
				SWIFT_VERSION = 5.0;
				TARGETED_DEVICE_FAMILY = "1,2";
			};
			name = Debug;
		};
		4DD8EFD726A74E9E00E0C4AF /* Release */ = {
			isa = XCBuildConfiguration;
			buildSettings = {
				ASSETCATALOG_COMPILER_APPICON_NAME = AppIcon;
				ASSETCATALOG_COMPILER_GLOBAL_ACCENT_COLOR_NAME = AccentColor;
				CODE_SIGN_STYLE = Automatic;
				DEVELOPMENT_TEAM = TMNQB85S4M;
				INFOPLIST_FILE = Passkeyp/Info.plist;
				LD_RUNPATH_SEARCH_PATHS = (
					"$(inherited)",
					"@executable_path/Frameworks",
				);
				PRODUCT_BUNDLE_IDENTIFIER = Y2k.Passkeyp;
				PRODUCT_NAME = "$(TARGET_NAME)";
				SWIFT_VERSION = 5.0;
				TARGETED_DEVICE_FAMILY = "1,2";
			};
			name = Release;
		};
/* End XCBuildConfiguration section */

/* Begin XCConfigurationList section */
		4DD8EFB926A74E9C00E0C4AF /* Build configuration list for PBXProject "Passkeyp" */ = {
			isa = XCConfigurationList;
			buildConfigurations = (
				4DD8EFD326A74E9E00E0C4AF /* Debug */,
				4DD8EFD426A74E9E00E0C4AF /* Release */,
			);
			defaultConfigurationIsVisible = 0;
			defaultConfigurationName = Release;
		};
		4DD8EFD526A74E9E00E0C4AF /* Build configuration list for PBXNativeTarget "Passkeyp" */ = {
			isa = XCConfigurationList;
			buildConfigurations = (
				4DD8EFD626A74E9E00E0C4AF /* Debug */,
				4DD8EFD726A74E9E00E0C4AF /* Release */,
			);
			defaultConfigurationIsVisible = 0;
			defaultConfigurationName = Release;
		};
/* End XCConfigurationList section */

/* Begin XCVersionGroup section */
		4DD8EFCA26A74E9C00E0C4AF /* Passkeyp.xcdatamodeld */ = {
			isa = XCVersionGroup;
			children = (
				4DD8EFCB26A74E9C00E0C4AF /* Passkeyp.xcdatamodel */,
			);
			currentVersion = 4DD8EFCB26A74E9C00E0C4AF /* Passkeyp.xcdatamodel */;
			path = Passkeyp.xcdatamodeld;
			sourceTree = "<group>";
			versionGroupType = wrapper.xcdatamodel;
		};
/* End XCVersionGroup section */
	};
	rootObject = 4DD8EFB626A74E9C00E0C4AF /* Project object */;
}
